{
  "name": "school-library-management",
  "lockfileVersion": 3,
  "requires": true,
  "packages": {
    "": {
      "dependencies": {
        "@dietrichgebert/ponytail": "^4.8.4",
        "superpowers": "file:../../../../.config/opencode/node_modules/superpowers"
      }
    },
    "../../../../.config/opencode/node_modules/superpowers": {
      "version": "6.0.2"
    },
    "node_modules/@dietrichgebert/ponytail": {
      "version": "4.8.4",
      "resolved": "https://registry.npmjs.org/@dietrichgebert/ponytail/-/ponytail-4.8.4.tgz",
      "integrity": "sha512-MALDTmDxKa2SJ8zKVekuOwWvo6+PvypNf5xeV2AtLO5OBtkt1U7DLWOeUbb9Th3H9lV80EkWoRI05yK0/dnekA==",
      "license": "MIT"
    },
    "node_modules/superpowers": {
      "resolved": "../../../../.config/opencode/node_modules/superpowers",
      "link": true
    }
  }
}
